
Microsoft Visual Studio Solution File, Format Version 12.00
# Visual Studio Version 17
VisualStudioVersion = 17.14.36705.20
MinimumVisualStudioVersion = 10.0.40219.1
Project("{FAE04EC0-301F-11D3-BF4B-00C04F79EFBC}") = "Api", "Api\Api.csproj", "{9133FF13-C6EE-4E3D-BB6F-2FAE2571A426}"
EndProject
Project("{FAE04EC0-301F-11D3-BF4B-00C04F79EFBC}") = "Dominio", "Dominio\Dominio.csproj", "{D80E4A44-5C0E-4228-B9FC-F2086FE9334C}"
EndProject
Project("{FAE04EC0-301F-11D3-BF4B-00C04F79EFBC}") = "Contratos", "Contratos\Contratos.csproj", "{059598FD-4A7D-4023-88FC-F23A92E17FC4}"
EndProject
Project("{FAE04EC0-301F-11D3-BF4B-00C04F79EFBC}") = "Infraestructura", "Infraestructura\Infraestructura.csproj", "{237DB18C-D1BC-4C44-B92C-AE1787F7085E}"
EndProject
Project("{FAE04EC0-301F-11D3-BF4B-00C04F79EFBC}") = "Aplicacion", "Aplicacion\Aplicacion.csproj", "{CD08F2A6-E7D5-4A6E-8108-B8652B36B828}"
EndProject
Project("{FAE04EC0-301F-11D3-BF4B-00C04F79EFBC}") = "Web", "Web\Web.csproj", "{289F3E77-0CF0-4315-B181-665689BA3F80}"
EndProject
Global
	GlobalSection(SolutionConfigurationPlatforms) = preSolution
		Debug|Any CPU = Debug|Any CPU
		Release|Any CPU = Release|Any CPU
	EndGlobalSection
	GlobalSection(ProjectConfigurationPlatforms) = postSolution
		{9133FF13-C6EE-4E3D-BB6F-2FAE2571A426}.Debug|Any CPU.ActiveCfg = Debug|Any CPU
		{9133FF13-C6EE-4E3D-BB6F-2FAE2571A426}.Debug|Any CPU.Build.0 = Debug|Any CPU
		{9133FF13-C6EE-4E3D-BB6F-2FAE2571A426}.Release|Any CPU.ActiveCfg = Release|Any CPU
		{9133FF13-C6EE-4E3D-BB6F-2FAE2571A426}.Release|Any CPU.Build.0 = Release|Any CPU
		{D80E4A44-5C0E-4228-B9FC-F2086FE9334C}.Debug|Any CPU.ActiveCfg = Debug|Any CPU
		{D80E4A44-5C0E-4228-B9FC-F2086FE9334C}.Debug|Any CPU.Build.0 = Debug|Any CPU
		{D80E4A44-5C0E-4228-B9FC-F2086FE9334C}.Release|Any CPU.ActiveCfg = Release|Any CPU
		{D80E4A44-5C0E-4228-B9FC-F2086FE9334C}.Release|Any CPU.Build.0 = Release|Any CPU
		{059598FD-4A7D-4023-88FC-F23A92E17FC4}.Debug|Any CPU.ActiveCfg = Debug|Any CPU
		{059598FD-4A7D-4023-88FC-F23A92E17FC4}.Debug|Any CPU.Build.0 = Debug|Any CPU
		{059598FD-4A7D-4023-88FC-F23A92E17FC4}.Release|Any CPU.ActiveCfg = Release|Any CPU
		{059598FD-4A7D-4023-88FC-F23A92E17FC4}.Release|Any CPU.Build.0 = Release|Any CPU
		{237DB18C-D1BC-4C44-B92C-AE1787F7085E}.Debug|Any CPU.ActiveCfg = Debug|Any CPU
		{237DB18C-D1BC-4C44-B92C-AE1787F7085E}.Debug|Any CPU.Build.0 = Debug|Any CPU
		{237DB18C-D1BC-4C44-B92C-AE1787F7085E}.Release|Any CPU.ActiveCfg = Release|Any CPU
		{237DB18C-D1BC-4C44-B92C-AE1787F7085E}.Release|Any CPU.Build.0 = Release|Any CPU
		{CD08F2A6-E7D5-4A6E-8108-B8652B36B828}.Debug|Any CPU.ActiveCfg = Debug|Any CPU
		{CD08F2A6-E7D5-4A6E-8108-B8652B36B828}.Debug|Any CPU.Build.0 = Debug|Any CPU
		{CD08F2A6-E7D5-4A6E-8108-B8652B36B828}.Release|Any CPU.ActiveCfg = Release|Any CPU
		{CD08F2A6-E7D5-4A6E-8108-B8652B36B828}.Release|Any CPU.Build.0 = Release|Any CPU
		{289F3E77-0CF0-4315-B181-665689BA3F80}.Debug|Any CPU.ActiveCfg = Debug|Any CPU
		{289F3E77-0CF0-4315-B181-665689BA3F80}.Debug|Any CPU.Build.0 = Debug|Any CPU
		{289F3E77-0CF0-4315-B181-665689BA3F80}.Release|Any CPU.ActiveCfg = Release|Any CPU
		{289F3E77-0CF0-4315-B181-665689BA3F80}.Release|Any CPU.Build.0 = Release|Any CPU
	EndGlobalSection
	GlobalSection(SolutionProperties) = preSolution
		HideSolutionNode = FALSE
	EndGlobalSection
	GlobalSection(ExtensibilityGlobals) = postSolution
		SolutionGuid = {84372215-95F6-4BC0-8CB0-0DFE3D6A5C1D}
	EndGlobalSection
EndGlobal
